<?xml version="1.0" encoding="utf-8"?>
<Project ToolsVersion="4.0" xmlns="http://schemas.microsoft.com/developer/msbuild/2003">
  <ItemGroup>
    <Filter Include="Source Files">
      <UniqueIdentifier>{4FC737F1-C7A5-4376-A066-2A32D752A2FF}</UniqueIdentifier>
      <Extensions>cpp;c;cc;cxx;def;odl;idl;hpj;bat;asm;asmx</Extensions>
    </Filter>
    <Filter Include="Header Files">
      <UniqueIdentifier>{93995380-89BD-4b04-88EB-625FBE52EBFB}</UniqueIdentifier>
      <Extensions>h;hh;hpp;hxx;hm;inl;inc;ipp;xsd</Extensions>
    </Filter>
    <Filter Include="Resource Files">
      <UniqueIdentifier>{67DA6AB6-F800-4c08-8B7A-83BB121AAD01}</UniqueIdentifier>
      <Extensions>rc;ico;cur;bmp;dlg;rc2;rct;bin;rgs;gif;jpg;jpeg;jpe;resx;tiff;tif;png;wav;mfcribbon-ms</Extensions>
    </Filter>
  </ItemGroup>
  <ItemGroup>
    <ClCompile Include="SDL_win32_main.c">
      <Filter>Source Files</Filter>
    </ClCompile>
    <ClCompile Include="..\rvm\Core\AnimationSystem.c">
      <Filter>Source Files</Filter>
    </ClCompile>
    <ClCompile Include="..\rvm\Core\AudioPlayback.c">
      <Filter>Source Files</Filter>
    </ClCompile>
    <ClCompile Include="..\rvm\Core\EngineCallbacks.c">
      <Filter>Source Files</Filter>
    </ClCompile>
    <ClCompile Include="..\rvm\Core\FileIO.c">
      <Filter>Source Files</Filter>
    </ClCompile>
    <ClCompile Include="..\rvm\Core\GifLoader.c">
      <Filter>Source Files</Filter>
    </ClCompile>
    <ClCompile Include="..\rvm\Core\GlobalAppDefinitions.c">
      <Filter>Source Files</Filter>
    </ClCompile>
    <ClCompile Include="..\rvm\Core\GraphicsSystem.c">
      <Filter>Source Files</Filter>
    </ClCompile>
    <ClCompile Include="..\rvm\Core\InputSystem.c">
      <Filter>Source Files</Filter>
    </ClCompile>
    <ClCompile Include="..\rvm\Core\ObjectSystem.c">
      <Filter>Source Files</Filter>
    </ClCompile>
    <ClCompile Include="..\rvm\Core\PlayerSystem.c">
      <Filter>Source Files</Filter>
    </ClCompile>
    <ClCompile Include="..\rvm\Core\RenderDevice.c">
      <Filter>Source Files</Filter>
    </ClCompile>
    <ClCompile Include="..\rvm\Core\Scene3D.c">
      <Filter>Source Files</Filter>
    </ClCompile>
    <ClCompile Include="..\rvm\Core\StageSystem.c">
      <Filter>Source Files</Filter>
    </ClCompile>
    <ClCompile Include="..\rvm\Core\TextSystem.c">
      <Filter>Source Files</Filter>
    </ClCompile>
    <ClCompile Include="win_main.c">
      <Filter>Source Files</Filter>
    </ClCompile>
  </ItemGroup>
  <ItemGroup>
    <ClInclude Include="include\SDL.h">
      <Filter>Header Files</Filter>
    </ClInclude>
    <ClInclude Include="include\SDL_main.h">
      <Filter>Header Files</Filter>
    </ClInclude>
    <ClInclude Include="..\rvm\Core\AnimationFileList.h">
      <Filter>Header Files</Filter>
    </ClInclude>
    <ClInclude Include="..\rvm\Core\AnimationSystem.h">
      <Filter>Header Files</Filter>
    </ClInclude>
    <ClInclude Include="..\rvm\Core\AudioPlayback.h">
      <Filter>Header Files</Filter>
    </ClInclude>
    <ClInclude Include="..\rvm\Core\CollisionBox.h">
      <Filter>Header Files</Filter>
    </ClInclude>
    <ClInclude Include="..\rvm\Core\CollisionMask16x16.h">
      <Filter>Header Files</Filter>
    </ClInclude>
    <ClInclude Include="..\rvm\Core\CollisionSensor.h">
      <Filter>Header Files</Filter>
    </ClInclude>
    <ClInclude Include="..\rvm\Core\DrawVertex.h">
      <Filter>Header Files</Filter>
    </ClInclude>
    <ClInclude Include="..\rvm\Core\EngineCallbacks.h">
      <Filter>Header Files</Filter>
    </ClInclude>
    <ClInclude Include="..\rvm\Core\Face3D.h">
      <Filter>Header Files</Filter>
    </ClInclude>
    <ClInclude Include="..\rvm\Core\FileData.h">
      <Filter>Header Files</Filter>
    </ClInclude>
    <ClInclude Include="..\rvm\Core\DrawVertex3D.h">
      <Filter>Header Files</Filter>
    </ClInclude>
    <ClInclude Include="..\rvm\Core\FileIO.h">
      <Filter>Header Files</Filter>
    </ClInclude>
    <ClInclude Include="..\rvm\Core\FontCharacter.h">
      <Filter>Header Files</Filter>
    </ClInclude>
    <ClInclude Include="..\rvm\Core\FunctionScript.h">
      <Filter>Header Files</Filter>
    </ClInclude>
    <ClInclude Include="..\rvm\Core\GfxSurfaceDesc.h">
      <Filter>Header Files</Filter>
    </ClInclude>
    <ClInclude Include="..\rvm\Core\GifDecoder.h">
      <Filter>Header Files</Filter>
    </ClInclude>
    <ClInclude Include="..\rvm\Core\GlobalAppDefinitions.h">
      <Filter>Header Files</Filter>
    </ClInclude>
    <ClInclude Include="..\rvm\Core\GifLoader.h">
      <Filter>Header Files</Filter>
    </ClInclude>
    <ClInclude Include="..\rvm\Core\GraphicsSystem.h">
      <Filter>Header Files</Filter>
    </ClInclude>
    <ClInclude Include="..\rvm\Core\InputResult.h">
      <Filter>Header Files</Filter>
    </ClInclude>
    <ClInclude Include="..\rvm\Core\LayoutMap.h">
      <Filter>Header Files</Filter>
    </ClInclude>
    <ClInclude Include="..\rvm\Core\InputSystem.h">
      <Filter>Header Files</Filter>
    </ClInclude>
    <ClInclude Include="..\rvm\Core\LineScrollParallax.h">
      <Filter>Header Files</Filter>
    </ClInclude>
    <ClInclude Include="..\rvm\Core\Mappings128x128.h">
      <Filter>Header Files</Filter>
    </ClInclude>
    <ClInclude Include="..\rvm\Core\MusicTrackInfo.h">
      <Filter>Header Files</Filter>
    </ClInclude>
    <ClInclude Include="..\rvm\Core\ObjectDrawList.h">
      <Filter>Header Files</Filter>
    </ClInclude>
    <ClInclude Include="..\rvm\Core\ObjectEntity.h">
      <Filter>Header Files</Filter>
    </ClInclude>
    <ClInclude Include="..\rvm\Core\ObjectScript.h">
      <Filter>Header Files</Filter>
    </ClInclude>
    <ClInclude Include="..\rvm\Core\ObjectSystem.h">
      <Filter>Header Files</Filter>
    </ClInclude>
    <ClInclude Include="..\rvm\Core\PaletteEntry.h">
      <Filter>Header Files</Filter>
    </ClInclude>
    <ClInclude Include="..\rvm\Core\PlayerObject.h">
      <Filter>Header Files</Filter>
    </ClInclude>
    <ClInclude Include="..\rvm\Core\PlayerStatistics.h">
      <Filter>Header Files</Filter>
    </ClInclude>
    <ClInclude Include="..\rvm\Core\PlayerSystem.h">
      <Filter>Header Files</Filter>
    </ClInclude>
    <ClInclude Include="..\rvm\Core\Quad2D.h">
      <Filter>Header Files</Filter>
    </ClInclude>
    <ClInclude Include="..\rvm\Core\RenderDevice.h">
      <Filter>Header Files</Filter>
    </ClInclude>
    <ClInclude Include="..\rvm\Core\Scene3D.h">
      <Filter>Header Files</Filter>
    </ClInclude>
    <ClInclude Include="..\rvm\Core\ScriptEngine.h">
      <Filter>Header Files</Filter>
    </ClInclude>
    <ClInclude Include="..\rvm\Core\SortList.h">
      <Filter>Header Files</Filter>
    </ClInclude>
    <ClInclude Include="..\rvm\Core\SpriteAnimation.h">
      <Filter>Header Files</Filter>
    </ClInclude>
    <ClInclude Include="..\rvm\Core\SpriteFrame.h">
      <Filter>Header Files</Filter>
    </ClInclude>
    <ClInclude Include="..\rvm\Core\StageList.h">
      <Filter>Header Files</Filter>
    </ClInclude>
    <ClInclude Include="..\rvm\Core\StageSystem.h">
      <Filter>Header Files</Filter>
    </ClInclude>
    <ClInclude Include="..\rvm\Core\TextMenu.h">
      <Filter>Header Files</Filter>
    </ClInclude>
    <ClInclude Include="..\rvm\Core\Vertex2D.h">
      <Filter>Header Files</Filter>
    </ClInclude>
    <ClInclude Include="..\rvm\Core\Vertex3D.h">
      <Filter>Header Files</Filter>
    </ClInclude>
    <ClInclude Include="..\rvm\Core\TextSystem.h">
      <Filter>Header Files</Filter>
    </ClInclude>
    <ClInclude Include="resource.h">
      <Filter>Header Files</Filter>
    </ClInclude>
  </ItemGroup>
  <ItemGroup>
    <ResourceCompile Include="Rvm_Win64.rc">
      <Filter>Resource Files</Filter>
    </ResourceCompile>
  </ItemGroup>
  <ItemGroup>
    <Image Include="icon1.ico">
      <Filter>Resource Files</Filter>
    </Image>
  </ItemGroup>
</Project>